
Microsoft Visual Studio Solution File, Format Version 12.00
# Visual Studio Version 17
VisualStudioVersion = 17.14.36310.24 d17.14
MinimumVisualStudioVersion = 10.0.40219.1
Project("{FAE04EC0-301F-11D3-BF4B-00C04F79EFBC}") = "BankingApp", "BankingApp\BankingApp.csproj", "{79EAEB8B-A772-4F5A-9A8F-74C77460EF60}"
EndProject
Global
	GlobalSection(SolutionConfigurationPlatforms) = preSolution
		Debug|Any CPU = Debug|Any CPU
		Release|Any CPU = Release|Any CPU
	EndGlobalSection
	GlobalSection(ProjectConfigurationPlatforms) = postSolution
		{79EAEB8B-A772-4F5A-9A8F-74C77460EF60}.Debug|Any CPU.ActiveCfg = Debug|Any CPU
		{79EAEB8B-A772-4F5A-9A8F-74C77460EF60}.Debug|Any CPU.Build.0 = Debug|Any CPU
		{79EAEB8B-A772-4F5A-9A8F-74C77460EF60}.Release|Any CPU.ActiveCfg = Release|Any CPU
		{79EAEB8B-A772-4F5A-9A8F-74C77460EF60}.Release|Any CPU.Build.0 = Release|Any CPU
	EndGlobalSection
	GlobalSection(SolutionProperties) = preSolution
		HideSolutionNode = FALSE
	EndGlobalSection
	GlobalSection(ExtensibilityGlobals) = postSolution
		SolutionGuid = {C29308E3-02A0-43FD-AF5A-E516242E7DAF}
	EndGlobalSection
EndGlobal
